// !$*UTF8*$!
{
	archiveVersion = 1;
	classes = {
	};
	objectVersion = 52;
	objects = {

/* Begin PBXBuildFile section */
		02955D6A263E4DBA00CA93D7 /* GoogleService-Info.plist in Resources */ = {isa = PBXBuildFile; fileRef = 02955D69263E4DBA00CA93D7 /* GoogleService-Info.plist */; };
		02955D6B263E4DBA00CA93D7 /* GoogleService-Info.plist in Resources */ = {isa = PBXBuildFile; fileRef = 02955D69263E4DBA00CA93D7 /* GoogleService-Info.plist */; };
		02955D6C263E4DBA00CA93D7 /* GoogleService-Info.plist in Resources */ = {isa = PBXBuildFile; fileRef = 02955D69263E4DBA00CA93D7 /* GoogleService-Info.plist */; };
		0887E4A24CC8C19565B020DC /* Pods_UHmeditatesTests.framework in Frameworks */ = {isa = PBXBuildFile; fileRef = 355BFA635E6F9D0ECAE52167 /* Pods_UHmeditatesTests.framework */; };
		1177F5A0FB6F5EFB8CB61FD0 /* Pods_UHmeditates_UHmeditatesUITests.framework in Frameworks */ = {isa = PBXBuildFile; fileRef = 6DB3AB9F5F6F85A2C0955E70 /* Pods_UHmeditates_UHmeditatesUITests.framework */; };
		4961D9F225BFD57A001DE248 /* AppDelegate.swift in Sources */ = {isa = PBXBuildFile; fileRef = 4961D9F125BFD57A001DE248 /* AppDelegate.swift */; };
		4961D9F425BFD57A001DE248 /* SceneDelegate.swift in Sources */ = {isa = PBXBuildFile; fileRef = 4961D9F325BFD57A001DE248 /* SceneDelegate.swift */; };
		4961D9F925BFD57A001DE248 /* Main.storyboard in Resources */ = {isa = PBXBuildFile; fileRef = 4961D9F725BFD57A001DE248 /* Main.storyboard */; };
		4961D9FB25BFD57B001DE248 /* Assets.xcassets in Resources */ = {isa = PBXBuildFile; fileRef = 4961D9FA25BFD57B001DE248 /* Assets.xcassets */; };
		4961D9FE25BFD57B001DE248 /* LaunchScreen.storyboard in Resources */ = {isa = PBXBuildFile; fileRef = 4961D9FC25BFD57B001DE248 /* LaunchScreen.storyboard */; };
		4961DA0925BFD57B001DE248 /* UHmeditatesTests.swift in Sources */ = {isa = PBXBuildFile; fileRef = 4961DA0825BFD57B001DE248 /* UHmeditatesTests.swift */; };
		4961DA1425BFD57B001DE248 /* UHmeditatesUITests.swift in Sources */ = {isa = PBXBuildFile; fileRef = 4961DA1325BFD57B001DE248 /* UHmeditatesUITests.swift */; };
		4961DA3925BFD5FF001DE248 /* HomeViewController.swift in Sources */ = {isa = PBXBuildFile; fileRef = 4961DA3825BFD5FF001DE248 /* HomeViewController.swift */; };
		D8009ADA2687593300EA99FD /* Question.swift in Sources */ = {isa = PBXBuildFile; fileRef = D8009AD92687593300EA99FD /* Question.swift */; };
		D8009ADC2687593D00EA99FD /* MeditationQuiz.swift in Sources */ = {isa = PBXBuildFile; fileRef = D8009ADB2687593D00EA99FD /* MeditationQuiz.swift */; };
		D827C99D26BA104E00BBFF72 /* TestViewController.swift in Sources */ = {isa = PBXBuildFile; fileRef = D827C99C26BA104E00BBFF72 /* TestViewController.swift */; };
		D827C9A026BA151500BBFF72 /* ConsentTask.swift in Sources */ = {isa = PBXBuildFile; fileRef = D827C99F26BA151500BBFF72 /* ConsentTask.swift */; };
		D884A53226BCE27200767B96 /* SurveyTask.swift in Sources */ = {isa = PBXBuildFile; fileRef = D884A53126BCE27200767B96 /* SurveyTask.swift */; };
		D884A53426BD877F00767B96 /* Surveys.swift in Sources */ = {isa = PBXBuildFile; fileRef = D884A53326BD877F00767B96 /* Surveys.swift */; };
		D8880FBD26C0C2D000DD8506 /* CareKitFHIR in Frameworks */ = {isa = PBXBuildFile; productRef = D8880FBC26C0C2D000DD8506 /* CareKitFHIR */; };
		D8880FBF26C0C2D000DD8506 /* CareKit in Frameworks */ = {isa = PBXBuildFile; productRef = D8880FBE26C0C2D000DD8506 /* CareKit */; };
		D8880FC126C0C2D000DD8506 /* CareKitStore in Frameworks */ = {isa = PBXBuildFile; productRef = D8880FC026C0C2D000DD8506 /* CareKitStore */; };
		D8880FC326C0C2D000DD8506 /* CareKitUI in Frameworks */ = {isa = PBXBuildFile; productRef = D8880FC226C0C2D000DD8506 /* CareKitUI */; };
		D8F08AC526BF3FC200E512FC /* DashBoardViewController.swift in Sources */ = {isa = PBXBuildFile; fileRef = D8F08ABC26BF3FC200E512FC /* DashBoardViewController.swift */; };
		D8F08AC626BF3FC200E512FC /* SignUpViewController.swift in Sources */ = {isa = PBXBuildFile; fileRef = D8F08ABE26BF3FC200E512FC /* SignUpViewController.swift */; };
		D8F08AC726BF3FC200E512FC /* ConsentViewController.swift in Sources */ = {isa = PBXBuildFile; fileRef = D8F08ABF26BF3FC200E512FC /* ConsentViewController.swift */; };
		D8F08AC826BF3FC200E512FC /* DemographicSignupViewController.swift in Sources */ = {isa = PBXBuildFile; fileRef = D8F08AC026BF3FC200E512FC /* DemographicSignupViewController.swift */; };
		D8F08AC926BF3FC200E512FC /* FirstViewController.swift in Sources */ = {isa = PBXBuildFile; fileRef = D8F08AC126BF3FC200E512FC /* FirstViewController.swift */; };
		D8F08ACA26BF3FC200E512FC /* LoginViewController.swift in Sources */ = {isa = PBXBuildFile; fileRef = D8F08AC226BF3FC200E512FC /* LoginViewController.swift */; };
		D8F08ACB26BF3FC200E512FC /* ProfileViewController.swift in Sources */ = {isa = PBXBuildFile; fileRef = D8F08AC426BF3FC200E512FC /* ProfileViewController.swift */; };
		D8F38A2B26C208AE0074D95E /* CareFeedViewController.swift in Sources */ = {isa = PBXBuildFile; fileRef = D8F38A2A26C208AE0074D95E /* CareFeedViewController.swift */; };
		D8F38A2E26C20E0F0074D95E /* Logger.swift in Sources */ = {isa = PBXBuildFile; fileRef = D8F38A2D26C20E0F0074D95E /* Logger.swift */; };
		F5754A20261263C50047A510 /* Week1Med2Controller.swift in Sources */ = {isa = PBXBuildFile; fileRef = F5754A1F261263C40047A510 /* Week1Med2Controller.swift */; };
		F5897C6025E57877006511AF /* Week1Med1Controller.swift in Sources */ = {isa = PBXBuildFile; fileRef = F5897C5F25E57877006511AF /* Week1Med1Controller.swift */; };
		F5DD5E5925E37A4E00C0A0A2 /* Constants.swift in Sources */ = {isa = PBXBuildFile; fileRef = F5DD5E5825E37A4E00C0A0A2 /* Constants.swift */; };
		FA4C4691B747B33573C06025 /* Pods_UHmeditates.framework in Frameworks */ = {isa = PBXBuildFile; fileRef = 4D1A6F51A52C3025D26AE7F1 /* Pods_UHmeditates.framework */; };
/* End PBXBuildFile section */

/* Begin PBXContainerItemProxy section */
		4961DA0525BFD57B001DE248 /* PBXContainerItemProxy */ = {
			isa = PBXContainerItemProxy;
			containerPortal = 4961D9E625BFD57A001DE248 /* Project object */;
			proxyType = 1;
			remoteGlobalIDString = 4961D9ED25BFD57A001DE248;
			remoteInfo = UHmeditates;
		};
		4961DA1025BFD57B001DE248 /* PBXContainerItemProxy */ = {
			isa = PBXContainerItemProxy;
			containerPortal = 4961D9E625BFD57A001DE248 /* Project object */;
			proxyType = 1;
			remoteGlobalIDString = 4961D9ED25BFD57A001DE248;
			remoteInfo = UHmeditates;
		};
/* End PBXContainerItemProxy section */

/* Begin PBXCopyFilesBuildPhase section */
		D8880FB826C0BD0500DD8506 /* Embed Frameworks */ = {
			isa = PBXCopyFilesBuildPhase;
			buildActionMask = 2147483647;
			dstPath = "";
			dstSubfolderSpec = 10;
			files = (
			);
			name = "Embed Frameworks";
			runOnlyForDeploymentPostprocessing = 0;
		};
/* End PBXCopyFilesBuildPhase section */

/* Begin PBXFileReference section */
		02955D69263E4DBA00CA93D7 /* GoogleService-Info.plist */ = {isa = PBXFileReference; lastKnownFileType = text.plist; path = "GoogleService-Info.plist"; sourceTree = SOURCE_ROOT; };
		12F615F3B598E37FA63BD456 /* Pods-UHmeditates.release.xcconfig */ = {isa = PBXFileReference; includeInIndex = 1; lastKnownFileType = text.xcconfig; name = "Pods-UHmeditates.release.xcconfig"; path = "Target Support Files/Pods-UHmeditates/Pods-UHmeditates.release.xcconfig"; sourceTree = "<group>"; };
		355BFA635E6F9D0ECAE52167 /* Pods_UHmeditatesTests.framework */ = {isa = PBXFileReference; explicitFileType = wrapper.framework; includeInIndex = 0; path = Pods_UHmeditatesTests.framework; sourceTree = BUILT_PRODUCTS_DIR; };
		47B01582A10C31B80FF62A59 /* Pods-UHmeditatesTests.release.xcconfig */ = {isa = PBXFileReference; includeInIndex = 1; lastKnownFileType = text.xcconfig; name = "Pods-UHmeditatesTests.release.xcconfig"; path = "Target Support Files/Pods-UHmeditatesTests/Pods-UHmeditatesTests.release.xcconfig"; sourceTree = "<group>"; };
		4961D9EE25BFD57A001DE248 /* UHmeditates.app */ = {isa = PBXFileReference; explicitFileType = wrapper.application; includeInIndex = 0; path = UHmeditates.app; sourceTree = BUILT_PRODUCTS_DIR; };
		4961D9F125BFD57A001DE248 /* AppDelegate.swift */ = {isa = PBXFileReference; lastKnownFileType = sourcecode.swift; path = AppDelegate.swift; sourceTree = "<group>"; };
		4961D9F325BFD57A001DE248 /* SceneDelegate.swift */ = {isa = PBXFileReference; lastKnownFileType = sourcecode.swift; path = SceneDelegate.swift; sourceTree = "<group>"; };
		4961D9F825BFD57A001DE248 /* Base */ = {isa = PBXFileReference; lastKnownFileType = file.storyboard; name = Base; path = Base.lproj/Main.storyboard; sourceTree = "<group>"; };
		4961D9FA25BFD57B001DE248 /* Assets.xcassets */ = {isa = PBXFileReference; lastKnownFileType = folder.assetcatalog; path = Assets.xcassets; sourceTree = "<group>"; };
		4961D9FD25BFD57B001DE248 /* Base */ = {isa = PBXFileReference; lastKnownFileType = file.storyboard; name = Base; path = Base.lproj/LaunchScreen.storyboard; sourceTree = "<group>"; };
		4961D9FF25BFD57B001DE248 /* Info.plist */ = {isa = PBXFileReference; lastKnownFileType = text.plist.xml; path = Info.plist; sourceTree = "<group>"; };
		4961DA0425BFD57B001DE248 /* UHmeditatesTests.xctest */ = {isa = PBXFileReference; explicitFileType = wrapper.cfbundle; includeInIndex = 0; path = UHmeditatesTests.xctest; sourceTree = BUILT_PRODUCTS_DIR; };
		4961DA0825BFD57B001DE248 /* UHmeditatesTests.swift */ = {isa = PBXFileReference; lastKnownFileType = sourcecode.swift; path = UHmeditatesTests.swift; sourceTree = "<group>"; };
		4961DA0A25BFD57B001DE248 /* Info.plist */ = {isa = PBXFileReference; lastKnownFileType = text.plist.xml; path = Info.plist; sourceTree = "<group>"; };
		4961DA0F25BFD57B001DE248 /* UHmeditatesUITests.xctest */ = {isa = PBXFileReference; explicitFileType = wrapper.cfbundle; includeInIndex = 0; path = UHmeditatesUITests.xctest; sourceTree = BUILT_PRODUCTS_DIR; };
		4961DA1325BFD57B001DE248 /* UHmeditatesUITests.swift */ = {isa = PBXFileReference; lastKnownFileType = sourcecode.swift; path = UHmeditatesUITests.swift; sourceTree = "<group>"; };
		4961DA1525BFD57B001DE248 /* Info.plist */ = {isa = PBXFileReference; lastKnownFileType = text.plist.xml; path = Info.plist; sourceTree = "<group>"; };
		4961DA3825BFD5FF001DE248 /* HomeViewController.swift */ = {isa = PBXFileReference; lastKnownFileType = sourcecode.swift; path = HomeViewController.swift; sourceTree = "<group>"; };
		4D1A6F51A52C3025D26AE7F1 /* Pods_UHmeditates.framework */ = {isa = PBXFileReference; explicitFileType = wrapper.framework; includeInIndex = 0; path = Pods_UHmeditates.framework; sourceTree = BUILT_PRODUCTS_DIR; };
		64D4AA2F918CE2552914094D /* Pods-UHmeditates-UHmeditatesUITests.release.xcconfig */ = {isa = PBXFileReference; includeInIndex = 1; lastKnownFileType = text.xcconfig; name = "Pods-UHmeditates-UHmeditatesUITests.release.xcconfig"; path = "Target Support Files/Pods-UHmeditates-UHmeditatesUITests/Pods-UHmeditates-UHmeditatesUITests.release.xcconfig"; sourceTree = "<group>"; };
		6C41374FD6DC849455B637E0 /* Pods-UHmeditates-UHmeditatesUITests.debug.xcconfig */ = {isa = PBXFileReference; includeInIndex = 1; lastKnownFileType = text.xcconfig; name = "Pods-UHmeditates-UHmeditatesUITests.debug.xcconfig"; path = "Target Support Files/Pods-UHmeditates-UHmeditatesUITests/Pods-UHmeditates-UHmeditatesUITests.debug.xcconfig"; sourceTree = "<group>"; };
		6DB3AB9F5F6F85A2C0955E70 /* Pods_UHmeditates_UHmeditatesUITests.framework */ = {isa = PBXFileReference; explicitFileType = wrapper.framework; includeInIndex = 0; path = Pods_UHmeditates_UHmeditatesUITests.framework; sourceTree = BUILT_PRODUCTS_DIR; };
		6EF0EFE961926A9A90D3D818 /* Pods-UHmeditatesTests.debug.xcconfig */ = {isa = PBXFileReference; includeInIndex = 1; lastKnownFileType = text.xcconfig; name = "Pods-UHmeditatesTests.debug.xcconfig"; path = "Target Support Files/Pods-UHmeditatesTests/Pods-UHmeditatesTests.debug.xcconfig"; sourceTree = "<group>"; };
		D8009AD92687593300EA99FD /* Question.swift */ = {isa = PBXFileReference; lastKnownFileType = sourcecode.swift; path = Question.swift; sourceTree = "<group>"; };
		D8009ADB2687593D00EA99FD /* MeditationQuiz.swift */ = {isa = PBXFileReference; lastKnownFileType = sourcecode.swift; path = MeditationQuiz.swift; sourceTree = "<group>"; };
		D827C99C26BA104E00BBFF72 /* TestViewController.swift */ = {isa = PBXFileReference; lastKnownFileType = sourcecode.swift; path = TestViewController.swift; sourceTree = "<group>"; };
		D827C99F26BA151500BBFF72 /* ConsentTask.swift */ = {isa = PBXFileReference; lastKnownFileType = sourcecode.swift; path = ConsentTask.swift; sourceTree = "<group>"; };
		D884A53126BCE27200767B96 /* SurveyTask.swift */ = {isa = PBXFileReference; lastKnownFileType = sourcecode.swift; path = SurveyTask.swift; sourceTree = "<group>"; };
		D884A53326BD877F00767B96 /* Surveys.swift */ = {isa = PBXFileReference; lastKnownFileType = sourcecode.swift; path = Surveys.swift; sourceTree = "<group>"; };
		D8F08ABC26BF3FC200E512FC /* DashBoardViewController.swift */ = {isa = PBXFileReference; fileEncoding = 4; lastKnownFileType = sourcecode.swift; path = DashBoardViewController.swift; sourceTree = "<group>"; };
		D8F08ABE26BF3FC200E512FC /* SignUpViewController.swift */ = {isa = PBXFileReference; fileEncoding = 4; lastKnownFileType = sourcecode.swift; path = SignUpViewController.swift; sourceTree = "<group>"; };
		D8F08ABF26BF3FC200E512FC /* ConsentViewController.swift */ = {isa = PBXFileReference; fileEncoding = 4; lastKnownFileType = sourcecode.swift; path = ConsentViewController.swift; sourceTree = "<group>"; };
		D8F08AC026BF3FC200E512FC /* DemographicSignupViewController.swift */ = {isa = PBXFileReference; fileEncoding = 4; lastKnownFileType = sourcecode.swift; path = DemographicSignupViewController.swift; sourceTree = "<group>"; };
		D8F08AC126BF3FC200E512FC /* FirstViewController.swift */ = {isa = PBXFileReference; fileEncoding = 4; lastKnownFileType = sourcecode.swift; path = FirstViewController.swift; sourceTree = "<group>"; };
		D8F08AC226BF3FC200E512FC /* LoginViewController.swift */ = {isa = PBXFileReference; fileEncoding = 4; lastKnownFileType = sourcecode.swift; path = LoginViewController.swift; sourceTree = "<group>"; };
		D8F08AC426BF3FC200E512FC /* ProfileViewController.swift */ = {isa = PBXFileReference; fileEncoding = 4; lastKnownFileType = sourcecode.swift; path = ProfileViewController.swift; sourceTree = "<group>"; };
		D8F38A2A26C208AE0074D95E /* CareFeedViewController.swift */ = {isa = PBXFileReference; lastKnownFileType = sourcecode.swift; path = CareFeedViewController.swift; sourceTree = "<group>"; };
		D8F38A2D26C20E0F0074D95E /* Logger.swift */ = {isa = PBXFileReference; lastKnownFileType = sourcecode.swift; path = Logger.swift; sourceTree = "<group>"; };
		F0DC1A6579C898FE29484DF8 /* Pods-UHmeditates.debug.xcconfig */ = {isa = PBXFileReference; includeInIndex = 1; lastKnownFileType = text.xcconfig; name = "Pods-UHmeditates.debug.xcconfig"; path = "Target Support Files/Pods-UHmeditates/Pods-UHmeditates.debug.xcconfig"; sourceTree = "<group>"; };
		F5754A1F261263C40047A510 /* Week1Med2Controller.swift */ = {isa = PBXFileReference; lastKnownFileType = sourcecode.swift; path = Week1Med2Controller.swift; sourceTree = "<group>"; };
		F5897C5F25E57877006511AF /* Week1Med1Controller.swift */ = {isa = PBXFileReference; lastKnownFileType = sourcecode.swift; path = Week1Med1Controller.swift; sourceTree = "<group>"; };
		F5DD5E5825E37A4E00C0A0A2 /* Constants.swift */ = {isa = PBXFileReference; lastKnownFileType = sourcecode.swift; path = Constants.swift; sourceTree = "<group>"; };
/* End PBXFileReference section */

/* Begin PBXFrameworksBuildPhase section */
		4961D9EB25BFD57A001DE248 /* Frameworks */ = {
			isa = PBXFrameworksBuildPhase;
			buildActionMask = 2147483647;
			files = (
				D8880FC126C0C2D000DD8506 /* CareKitStore in Frameworks */,
				D8880FBF26C0C2D000DD8506 /* CareKit in Frameworks */,
				D8880FC326C0C2D000DD8506 /* CareKitUI in Frameworks */,
				FA4C4691B747B33573C06025 /* Pods_UHmeditates.framework in Frameworks */,
				D8880FBD26C0C2D000DD8506 /* CareKitFHIR in Frameworks */,
			);
			runOnlyForDeploymentPostprocessing = 0;
		};
		4961DA0125BFD57B001DE248 /* Frameworks */ = {
			isa = PBXFrameworksBuildPhase;
			buildActionMask = 2147483647;
			files = (
				0887E4A24CC8C19565B020DC /* Pods_UHmeditatesTests.framework in Frameworks */,
			);
			runOnlyForDeploymentPostprocessing = 0;
		};
		4961DA0C25BFD57B001DE248 /* Frameworks */ = {
			isa = PBXFrameworksBuildPhase;
			buildActionMask = 2147483647;
			files = (
				1177F5A0FB6F5EFB8CB61FD0 /* Pods_UHmeditates_UHmeditatesUITests.framework in Frameworks */,
			);
			runOnlyForDeploymentPostprocessing = 0;
		};
/* End PBXFrameworksBuildPhase section */

/* Begin PBXGroup section */
		31B7A381E64BEF76AE734EBB /* Pods */ = {
			isa = PBXGroup;
			children = (
				02955D69263E4DBA00CA93D7 /* GoogleService-Info.plist */,
				F0DC1A6579C898FE29484DF8 /* Pods-UHmeditates.debug.xcconfig */,
				12F615F3B598E37FA63BD456 /* Pods-UHmeditates.release.xcconfig */,
				6C41374FD6DC849455B637E0 /* Pods-UHmeditates-UHmeditatesUITests.debug.xcconfig */,
				64D4AA2F918CE2552914094D /* Pods-UHmeditates-UHmeditatesUITests.release.xcconfig */,
				6EF0EFE961926A9A90D3D818 /* Pods-UHmeditatesTests.debug.xcconfig */,
				47B01582A10C31B80FF62A59 /* Pods-UHmeditatesTests.release.xcconfig */,
			);
			path = Pods;
			sourceTree = "<group>";
		};
		4961D9E525BFD57A001DE248 = {
			isa = PBXGroup;
			children = (
				4961D9F025BFD57A001DE248 /* UHmeditates */,
				4961DA0725BFD57B001DE248 /* UHmeditatesTests */,
				4961DA1225BFD57B001DE248 /* UHmeditatesUITests */,
				4961D9EF25BFD57A001DE248 /* Products */,
				4961DA3425BFD5AD001DE248 /* Frameworks */,
				31B7A381E64BEF76AE734EBB /* Pods */,
			);
			sourceTree = "<group>";
		};
		4961D9EF25BFD57A001DE248 /* Products */ = {
			isa = PBXGroup;
			children = (
				4961D9EE25BFD57A001DE248 /* UHmeditates.app */,
				4961DA0425BFD57B001DE248 /* UHmeditatesTests.xctest */,
				4961DA0F25BFD57B001DE248 /* UHmeditatesUITests.xctest */,
			);
			name = Products;
			sourceTree = "<group>";
		};
		4961D9F025BFD57A001DE248 /* UHmeditates */ = {
			isa = PBXGroup;
			children = (
				4961D9FF25BFD57B001DE248 /* Info.plist */,
				4961D9F125BFD57A001DE248 /* AppDelegate.swift */,
				4961D9F325BFD57A001DE248 /* SceneDelegate.swift */,
				D8F08AA526BF15C200E512FC /* Model */,
				D8F08AA626BF15CB00E512FC /* View */,
				D8F08AA726BF15DD00E512FC /* Controller */,
				4961DA6725BFDC4E001DE248 /* consent */,
			);
			path = UHmeditates;
			sourceTree = "<group>";
		};
		4961DA0725BFD57B001DE248 /* UHmeditatesTests */ = {
			isa = PBXGroup;
			children = (
				4961DA0825BFD57B001DE248 /* UHmeditatesTests.swift */,
				4961DA0A25BFD57B001DE248 /* Info.plist */,
			);
			path = UHmeditatesTests;
			sourceTree = "<group>";
		};
		4961DA1225BFD57B001DE248 /* UHmeditatesUITests */ = {
			isa = PBXGroup;
			children = (
				4961DA1325BFD57B001DE248 /* UHmeditatesUITests.swift */,
				4961DA1525BFD57B001DE248 /* Info.plist */,
			);
			path = UHmeditatesUITests;
			sourceTree = "<group>";
		};
		4961DA3425BFD5AD001DE248 /* Frameworks */ = {
			isa = PBXGroup;
			children = (
				4D1A6F51A52C3025D26AE7F1 /* Pods_UHmeditates.framework */,
				6DB3AB9F5F6F85A2C0955E70 /* Pods_UHmeditates_UHmeditatesUITests.framework */,
				355BFA635E6F9D0ECAE52167 /* Pods_UHmeditatesTests.framework */,
			);
			name = Frameworks;
			sourceTree = "<group>";
		};
		4961DA6725BFDC4E001DE248 /* consent */ = {
			isa = PBXGroup;
			children = (
			);
			path = consent;
			sourceTree = "<group>";
		};
		D8F08AA526BF15C200E512FC /* Model */ = {
			isa = PBXGroup;
			children = (
				D827C99F26BA151500BBFF72 /* ConsentTask.swift */,
				F5DD5E5825E37A4E00C0A0A2 /* Constants.swift */,
				D884A53126BCE27200767B96 /* SurveyTask.swift */,
				D884A53326BD877F00767B96 /* Surveys.swift */,
				D8009AD92687593300EA99FD /* Question.swift */,
				D8009ADB2687593D00EA99FD /* MeditationQuiz.swift */,
				D8F38A2D26C20E0F0074D95E /* Logger.swift */,
			);
			path = Model;
			sourceTree = "<group>";
		};
		D8F08AA626BF15CB00E512FC /* View */ = {
			isa = PBXGroup;
			children = (
				4961D9FA25BFD57B001DE248 /* Assets.xcassets */,
				4961D9FC25BFD57B001DE248 /* LaunchScreen.storyboard */,
				4961D9F725BFD57A001DE248 /* Main.storyboard */,
			);
			path = View;
			sourceTree = "<group>";
		};
		D8F08AA726BF15DD00E512FC /* Controller */ = {
			isa = PBXGroup;
			children = (
				D8F08ABB26BF3FC200E512FC /* DashBoardControllers */,
				D8F08ABD26BF3FC200E512FC /* Login_SignUp_Controllers */,
				D8F08AC326BF3FC200E512FC /* ProfileControllers */,
				F54C7B1D263E30A00060582B /* HomeControllers */,
			);
			path = Controller;
			sourceTree = "<group>";
		};
		D8F08ABB26BF3FC200E512FC /* DashBoardControllers */ = {
			isa = PBXGroup;
			children = (
				D8F08ABC26BF3FC200E512FC /* DashBoardViewController.swift */,
			);
			path = DashBoardControllers;
			sourceTree = "<group>";
		};
		D8F08ABD26BF3FC200E512FC /* Login_SignUp_Controllers */ = {
			isa = PBXGroup;
			children = (
				D8F08ABE26BF3FC200E512FC /* SignUpViewController.swift */,
				D8F08ABF26BF3FC200E512FC /* ConsentViewController.swift */,
				D8F08AC026BF3FC200E512FC /* DemographicSignupViewController.swift */,
				D8F08AC126BF3FC200E512FC /* FirstViewController.swift */,
				D8F08AC226BF3FC200E512FC /* LoginViewController.swift */,
			);
			path = Login_SignUp_Controllers;
			sourceTree = "<group>";
		};
		D8F08AC326BF3FC200E512FC /* ProfileControllers */ = {
			isa = PBXGroup;
			children = (
				D8F08AC426BF3FC200E512FC /* ProfileViewController.swift */,
			);
			path = ProfileControllers;
			sourceTree = "<group>";
		};
		F54C7B1D263E30A00060582B /* HomeControllers */ = {
			isa = PBXGroup;
			children = (
				4961DA3825BFD5FF001DE248 /* HomeViewController.swift */,
				D827C99C26BA104E00BBFF72 /* TestViewController.swift */,
				F5897C5F25E57877006511AF /* Week1Med1Controller.swift */,
				F5754A1F261263C40047A510 /* Week1Med2Controller.swift */,
				D8F38A2A26C208AE0074D95E /* CareFeedViewController.swift */,
			);
			path = HomeControllers;
			sourceTree = "<group>";
		};
/* End PBXGroup section */

/* Begin PBXNativeTarget section */
		4961D9ED25BFD57A001DE248 /* UHmeditates */ = {
			isa = PBXNativeTarget;
			buildConfigurationList = 4961DA1825BFD57B001DE248 /* Build configuration list for PBXNativeTarget "UHmeditates" */;
			buildPhases = (
				29E000993EAECAB728EDAD73 /* [CP] Check Pods Manifest.lock */,
				4961D9EA25BFD57A001DE248 /* Sources */,
				4961D9EB25BFD57A001DE248 /* Frameworks */,
				4961D9EC25BFD57A001DE248 /* Resources */,
				E136A88DE6BD3E1B067F0119 /* [CP] Embed Pods Frameworks */,
				D8880FB826C0BD0500DD8506 /* Embed Frameworks */,
			);
			buildRules = (
			);
			dependencies = (
			);
			name = UHmeditates;
			packageProductDependencies = (
				D8880FBC26C0C2D000DD8506 /* CareKitFHIR */,
				D8880FBE26C0C2D000DD8506 /* CareKit */,
				D8880FC026C0C2D000DD8506 /* CareKitStore */,
				D8880FC226C0C2D000DD8506 /* CareKitUI */,
			);
			productName = UHmeditates;
			productReference = 4961D9EE25BFD57A001DE248 /* UHmeditates.app */;
			productType = "com.apple.product-type.application";
		};
		4961DA0325BFD57B001DE248 /* UHmeditatesTests */ = {
			isa = PBXNativeTarget;
			buildConfigurationList = 4961DA1B25BFD57B001DE248 /* Build configuration list for PBXNativeTarget "UHmeditatesTests" */;
			buildPhases = (
				0927EB7D45FE46B9964E35CC /* [CP] Check Pods Manifest.lock */,
				4961DA0025BFD57B001DE248 /* Sources */,
				4961DA0125BFD57B001DE248 /* Frameworks */,
				4961DA0225BFD57B001DE248 /* Resources */,
			);
			buildRules = (
			);
			dependencies = (
				4961DA0625BFD57B001DE248 /* PBXTargetDependency */,
			);
			name = UHmeditatesTests;
			productName = UHmeditatesTests;
			productReference = 4961DA0425BFD57B001DE248 /* UHmeditatesTests.xctest */;
			productType = "com.apple.product-type.bundle.unit-test";
		};
		4961DA0E25BFD57B001DE248 /* UHmeditatesUITests */ = {
			isa = PBXNativeTarget;
			buildConfigurationList = 4961DA1E25BFD57B001DE248 /* Build configuration list for PBXNativeTarget "UHmeditatesUITests" */;
			buildPhases = (
				B7FD329D9E877592DD1B7F7F /* [CP] Check Pods Manifest.lock */,
				4961DA0B25BFD57B001DE248 /* Sources */,
				4961DA0C25BFD57B001DE248 /* Frameworks */,
				4961DA0D25BFD57B001DE248 /* Resources */,
				CB86845640A3B49EFA8D0B51 /* [CP] Embed Pods Frameworks */,
			);
			buildRules = (
			);
			dependencies = (
				4961DA1125BFD57B001DE248 /* PBXTargetDependency */,
			);
			name = UHmeditatesUITests;
			productName = UHmeditatesUITests;
			productReference = 4961DA0F25BFD57B001DE248 /* UHmeditatesUITests.xctest */;
			productType = "com.apple.product-type.bundle.ui-testing";
		};
/* End PBXNativeTarget section */

/* Begin PBXProject section */
		4961D9E625BFD57A001DE248 /* Project object */ = {
			isa = PBXProject;
			attributes = {
				LastSwiftUpdateCheck = 1220;
				LastUpgradeCheck = 1220;
				TargetAttributes = {
					4961D9ED25BFD57A001DE248 = {
						CreatedOnToolsVersion = 12.2;
					};
					4961DA0325BFD57B001DE248 = {
						CreatedOnToolsVersion = 12.2;
						TestTargetID = 4961D9ED25BFD57A001DE248;
					};
					4961DA0E25BFD57B001DE248 = {
						CreatedOnToolsVersion = 12.2;
						TestTargetID = 4961D9ED25BFD57A001DE248;
					};
				};
			};
			buildConfigurationList = 4961D9E925BFD57A001DE248 /* Build configuration list for PBXProject "UHmeditates" */;
			compatibilityVersion = "Xcode 9.3";
			developmentRegion = en;
			hasScannedForEncodings = 0;
			knownRegions = (
				en,
				Base,
			);
			mainGroup = 4961D9E525BFD57A001DE248;
			packageReferences = (
				D8880FBB26C0C2D000DD8506 /* XCRemoteSwiftPackageReference "CareKit" */,
			);
			productRefGroup = 4961D9EF25BFD57A001DE248 /* Products */;
			projectDirPath = "";
			projectRoot = "";
			targets = (
				4961D9ED25BFD57A001DE248 /* UHmeditates */,
				4961DA0325BFD57B001DE248 /* UHmeditatesTests */,
				4961DA0E25BFD57B001DE248 /* UHmeditatesUITests */,
			);
		};
/* End PBXProject section */

/* Begin PBXResourcesBuildPhase section */
		4961D9EC25BFD57A001DE248 /* Resources */ = {
			isa = PBXResourcesBuildPhase;
			buildActionMask = 2147483647;
			files = (
				4961D9FE25BFD57B001DE248 /* LaunchScreen.storyboard in Resources */,
				02955D6A263E4DBA00CA93D7 /* GoogleService-Info.plist in Resources */,
				4961D9FB25BFD57B001DE248 /* Assets.xcassets in Resources */,
				4961D9F925BFD57A001DE248 /* Main.storyboard in Resources */,
			);
			runOnlyForDeploymentPostprocessing = 0;
		};
		4961DA0225BFD57B001DE248 /* Resources */ = {
			isa = PBXResourcesBuildPhase;
			buildActionMask = 2147483647;
			files = (
				02955D6B263E4DBA00CA93D7 /* GoogleService-Info.plist in Resources */,
			);
			runOnlyForDeploymentPostprocessing = 0;
		};
		4961DA0D25BFD57B001DE248 /* Resources */ = {
			isa = PBXResourcesBuildPhase;
			buildActionMask = 2147483647;
			files = (
				02955D6C263E4DBA00CA93D7 /* GoogleService-Info.plist in Resources */,
			);
			runOnlyForDeploymentPostprocessing = 0;
		};
/* End PBXResourcesBuildPhase section */

/* Begin PBXShellScriptBuildPhase section */
		0927EB7D45FE46B9964E35CC /* [CP] Check Pods Manifest.lock */ = {
			isa = PBXShellScriptBuildPhase;
			buildActionMask = 2147483647;
			files = (
			);
			inputFileListPaths = (
			);
			inputPaths = (
				"${PODS_PODFILE_DIR_PATH}/Podfile.lock",
				"${PODS_ROOT}/Manifest.lock",
			);
			name = "[CP] Check Pods Manifest.lock";
			outputFileListPaths = (
			);
			outputPaths = (
				"$(DERIVED_FILE_DIR)/Pods-UHmeditatesTests-checkManifestLockResult.txt",
			);
			runOnlyForDeploymentPostprocessing = 0;
			shellPath = /bin/sh;
			shellScript = "diff \"${PODS_PODFILE_DIR_PATH}/Podfile.lock\" \"${PODS_ROOT}/Manifest.lock\" > /dev/null\nif [ $? != 0 ] ; then\n    # print error to STDERR\n    echo \"error: The sandbox is not in sync with the Podfile.lock. Run 'pod install' or update your CocoaPods installation.\" >&2\n    exit 1\nfi\n# This output is used by Xcode 'outputs' to avoid re-running this script phase.\necho \"SUCCESS\" > \"${SCRIPT_OUTPUT_FILE_0}\"\n";
			showEnvVarsInLog = 0;
		};
		29E000993EAECAB728EDAD73 /* [CP] Check Pods Manifest.lock */ = {
			isa = PBXShellScriptBuildPhase;
			buildActionMask = 2147483647;
			files = (
			);
			inputFileListPaths = (
			);
			inputPaths = (
				"${PODS_PODFILE_DIR_PATH}/Podfile.lock",
				"${PODS_ROOT}/Manifest.lock",
			);
			name = "[CP] Check Pods Manifest.lock";
			outputFileListPaths = (
			);
			outputPaths = (
				"$(DERIVED_FILE_DIR)/Pods-UHmeditates-checkManifestLockResult.txt",
			);
			runOnlyForDeploymentPostprocessing = 0;
			shellPath = /bin/sh;
			shellScript = "diff \"${PODS_PODFILE_DIR_PATH}/Podfile.lock\" \"${PODS_ROOT}/Manifest.lock\" > /dev/null\nif [ $? != 0 ] ; then\n    # print error to STDERR\n    echo \"error: The sandbox is not in sync with the Podfile.lock. Run 'pod install' or update your CocoaPods installation.\" >&2\n    exit 1\nfi\n# This output is used by Xcode 'outputs' to avoid re-running this script phase.\necho \"SUCCESS\" > \"${SCRIPT_OUTPUT_FILE_0}\"\n";
			showEnvVarsInLog = 0;
		};
		B7FD329D9E877592DD1B7F7F /* [CP] Check Pods Manifest.lock */ = {
			isa = PBXShellScriptBuildPhase;
			buildActionMask = 2147483647;
			files = (
			);
			inputFileListPaths = (
			);
			inputPaths = (
				"${PODS_PODFILE_DIR_PATH}/Podfile.lock",
				"${PODS_ROOT}/Manifest.lock",
			);
			name = "[CP] Check Pods Manifest.lock";
			outputFileListPaths = (
			);
			outputPaths = (
				"$(DERIVED_FILE_DIR)/Pods-UHmeditates-UHmeditatesUITests-checkManifestLockResult.txt",
			);
			runOnlyForDeploymentPostprocessing = 0;
			shellPath = /bin/sh;
			shellScript = "diff \"${PODS_PODFILE_DIR_PATH}/Podfile.lock\" \"${PODS_ROOT}/Manifest.lock\" > /dev/null\nif [ $? != 0 ] ; then\n    # print error to STDERR\n    echo \"error: The sandbox is not in sync with the Podfile.lock. Run 'pod install' or update your CocoaPods installation.\" >&2\n    exit 1\nfi\n# This output is used by Xcode 'outputs' to avoid re-running this script phase.\necho \"SUCCESS\" > \"${SCRIPT_OUTPUT_FILE_0}\"\n";
			showEnvVarsInLog = 0;
		};
		CB86845640A3B49EFA8D0B51 /* [CP] Embed Pods Frameworks */ = {
			isa = PBXShellScriptBuildPhase;
			buildActionMask = 2147483647;
			files = (
			);
			inputFileListPaths = (
				"${PODS_ROOT}/Target Support Files/Pods-UHmeditates-UHmeditatesUITests/Pods-UHmeditates-UHmeditatesUITests-frameworks-${CONFIGURATION}-input-files.xcfilelist",
			);
			name = "[CP] Embed Pods Frameworks";
			outputFileListPaths = (
				"${PODS_ROOT}/Target Support Files/Pods-UHmeditates-UHmeditatesUITests/Pods-UHmeditates-UHmeditatesUITests-frameworks-${CONFIGURATION}-output-files.xcfilelist",
			);
			runOnlyForDeploymentPostprocessing = 0;
			shellPath = /bin/sh;
			shellScript = "\"${PODS_ROOT}/Target Support Files/Pods-UHmeditates-UHmeditatesUITests/Pods-UHmeditates-UHmeditatesUITests-frameworks.sh\"\n";
			showEnvVarsInLog = 0;
		};
		E136A88DE6BD3E1B067F0119 /* [CP] Embed Pods Frameworks */ = {
			isa = PBXShellScriptBuildPhase;
			buildActionMask = 2147483647;
			files = (
			);
			inputFileListPaths = (
				"${PODS_ROOT}/Target Support Files/Pods-UHmeditates/Pods-UHmeditates-frameworks-${CONFIGURATION}-input-files.xcfilelist",
			);
			name = "[CP] Embed Pods Frameworks";
			outputFileListPaths = (
				"${PODS_ROOT}/Target Support Files/Pods-UHmeditates/Pods-UHmeditates-frameworks-${CONFIGURATION}-output-files.xcfilelist",
			);
			runOnlyForDeploymentPostprocessing = 0;
			shellPath = /bin/sh;
			shellScript = "\"${PODS_ROOT}/Target Support Files/Pods-UHmeditates/Pods-UHmeditates-frameworks.sh\"\n";
			showEnvVarsInLog = 0;
		};
/* End PBXShellScriptBuildPhase section */

/* Begin PBXSourcesBuildPhase section */
		4961D9EA25BFD57A001DE248 /* Sources */ = {
			isa = PBXSourcesBuildPhase;
			buildActionMask = 2147483647;
			files = (
				D8F08ACA26BF3FC200E512FC /* LoginViewController.swift in Sources */,
				D827C99D26BA104E00BBFF72 /* TestViewController.swift in Sources */,
				4961D9F225BFD57A001DE248 /* AppDelegate.swift in Sources */,
				4961D9F425BFD57A001DE248 /* SceneDelegate.swift in Sources */,
				D8F38A2E26C20E0F0074D95E /* Logger.swift in Sources */,
				D8009ADA2687593300EA99FD /* Question.swift in Sources */,
				D8F38A2B26C208AE0074D95E /* CareFeedViewController.swift in Sources */,
				D8F08AC526BF3FC200E512FC /* DashBoardViewController.swift in Sources */,
				D8009ADC2687593D00EA99FD /* MeditationQuiz.swift in Sources */,
				D827C9A026BA151500BBFF72 /* ConsentTask.swift in Sources */,
				D8F08AC726BF3FC200E512FC /* ConsentViewController.swift in Sources */,
				D8F08ACB26BF3FC200E512FC /* ProfileViewController.swift in Sources */,
				D8F08AC826BF3FC200E512FC /* DemographicSignupViewController.swift in Sources */,
				D8F08AC926BF3FC200E512FC /* FirstViewController.swift in Sources */,
				F5DD5E5925E37A4E00C0A0A2 /* Constants.swift in Sources */,
				D8F08AC626BF3FC200E512FC /* SignUpViewController.swift in Sources */,
				D884A53226BCE27200767B96 /* SurveyTask.swift in Sources */,
				F5754A20261263C50047A510 /* Week1Med2Controller.swift in Sources */,
				4961DA3925BFD5FF001DE248 /* HomeViewController.swift in Sources */,
				F5897C6025E57877006511AF /* Week1Med1Controller.swift in Sources */,
				D884A53426BD877F00767B96 /* Surveys.swift in Sources */,
			);
			runOnlyForDeploymentPostprocessing = 0;
		};
		4961DA0025BFD57B001DE248 /* Sources */ = {
			isa = PBXSourcesBuildPhase;
			buildActionMask = 2147483647;
			files = (
				4961DA0925BFD57B001DE248 /* UHmeditatesTests.swift in Sources */,
			);
			runOnlyForDeploymentPostprocessing = 0;
		};
		4961DA0B25BFD57B001DE248 /* Sources */ = {
			isa = PBXSourcesBuildPhase;
			buildActionMask = 2147483647;
			files = (
				4961DA1425BFD57B001DE248 /* UHmeditatesUITests.swift in Sources */,
			);
			runOnlyForDeploymentPostprocessing = 0;
		};
/* End PBXSourcesBuildPhase section */

/* Begin PBXTargetDependency section */
		4961DA0625BFD57B001DE248 /* PBXTargetDependency */ = {
			isa = PBXTargetDependency;
			target = 4961D9ED25BFD57A001DE248 /* UHmeditates */;
			targetProxy = 4961DA0525BFD57B001DE248 /* PBXContainerItemProxy */;
		};
		4961DA1125BFD57B001DE248 /* PBXTargetDependency */ = {
			isa = PBXTargetDependency;
			target = 4961D9ED25BFD57A001DE248 /* UHmeditates */;
			targetProxy = 4961DA1025BFD57B001DE248 /* PBXContainerItemProxy */;
		};
/* End PBXTargetDependency section */

/* Begin PBXVariantGroup section */
		4961D9F725BFD57A001DE248 /* Main.storyboard */ = {
			isa = PBXVariantGroup;
			children = (
				4961D9F825BFD57A001DE248 /* Base */,
			);
			name = Main.storyboard;
			sourceTree = "<group>";
		};
		4961D9FC25BFD57B001DE248 /* LaunchScreen.storyboard */ = {
			isa = PBXVariantGroup;
			children = (
				4961D9FD25BFD57B001DE248 /* Base */,
			);
			name = LaunchScreen.storyboard;
			sourceTree = "<group>";
		};
/* End PBXVariantGroup section */

/* Begin XCBuildConfiguration section */
		4961DA1625BFD57B001DE248 /* Debug */ = {
			isa = XCBuildConfiguration;
			buildSettings = {
				ALWAYS_SEARCH_USER_PATHS = NO;
				CLANG_ANALYZER_NONNULL = YES;
				CLANG_ANALYZER_NUMBER_OBJECT_CONVERSION = YES_AGGRESSIVE;
				CLANG_CXX_LANGUAGE_STANDARD = "gnu++14";
				CLANG_CXX_LIBRARY = "libc++";
				CLANG_ENABLE_MODULES = YES;
				CLANG_ENABLE_OBJC_ARC = YES;
				CLANG_ENABLE_OBJC_WEAK = YES;
				CLANG_WARN_BLOCK_CAPTURE_AUTORELEASING = YES;
				CLANG_WARN_BOOL_CONVERSION = YES;
				CLANG_WARN_COMMA = YES;
				CLANG_WARN_CONSTANT_CONVERSION = YES;
				CLANG_WARN_DEPRECATED_OBJC_IMPLEMENTATIONS = YES;
				CLANG_WARN_DIRECT_OBJC_ISA_USAGE = YES_ERROR;
				CLANG_WARN_DOCUMENTATION_COMMENTS = YES;
				CLANG_WARN_EMPTY_BODY = YES;
				CLANG_WARN_ENUM_CONVERSION = YES;
				CLANG_WARN_INFINITE_RECURSION = YES;
				CLANG_WARN_INT_CONVERSION = YES;
				CLANG_WARN_NON_LITERAL_NULL_CONVERSION = YES;
				CLANG_WARN_OBJC_IMPLICIT_RETAIN_SELF = YES;
				CLANG_WARN_OBJC_LITERAL_CONVERSION = YES;
				CLANG_WARN_OBJC_ROOT_CLASS = YES_ERROR;
				CLANG_WARN_QUOTED_INCLUDE_IN_FRAMEWORK_HEADER = YES;
				CLANG_WARN_RANGE_LOOP_ANALYSIS = YES;
				CLANG_WARN_STRICT_PROTOTYPES = YES;
				CLANG_WARN_SUSPICIOUS_MOVE = YES;
				CLANG_WARN_UNGUARDED_AVAILABILITY = YES_AGGRESSIVE;
				CLANG_WARN_UNREACHABLE_CODE = YES;
				CLANG_WARN__DUPLICATE_METHOD_MATCH = YES;
				COPY_PHASE_STRIP = NO;
				DEBUG_INFORMATION_FORMAT = dwarf;
				ENABLE_STRICT_OBJC_MSGSEND = YES;
				ENABLE_TESTABILITY = YES;
				GCC_C_LANGUAGE_STANDARD = gnu11;
				GCC_DYNAMIC_NO_PIC = NO;
				GCC_NO_COMMON_BLOCKS = YES;
				GCC_OPTIMIZATION_LEVEL = 0;
				GCC_PREPROCESSOR_DEFINITIONS = (
					"DEBUG=1",
					"$(inherited)",
				);
				GCC_WARN_64_TO_32_BIT_CONVERSION = YES;
				GCC_WARN_ABOUT_RETURN_TYPE = YES_ERROR;
				GCC_WARN_UNDECLARED_SELECTOR = YES;
				GCC_WARN_UNINITIALIZED_AUTOS = YES_AGGRESSIVE;
				GCC_WARN_UNUSED_FUNCTION = YES;
				GCC_WARN_UNUSED_VARIABLE = YES;
				IPHONEOS_DEPLOYMENT_TARGET = 14.1;
				MTL_ENABLE_DEBUG_INFO = INCLUDE_SOURCE;
				MTL_FAST_MATH = YES;
				ONLY_ACTIVE_ARCH = YES;
				SDKROOT = iphoneos;
				SWIFT_ACTIVE_COMPILATION_CONDITIONS = DEBUG;
				SWIFT_OPTIMIZATION_LEVEL = "-Onone";
			};
			name = Debug;
		};
		4961DA1725BFD57B001DE248 /* Release */ = {
			isa = XCBuildConfiguration;
			buildSettings = {
				ALWAYS_SEARCH_USER_PATHS = NO;
				CLANG_ANALYZER_NONNULL = YES;
				CLANG_ANALYZER_NUMBER_OBJECT_CONVERSION = YES_AGGRESSIVE;
				CLANG_CXX_LANGUAGE_STANDARD = "gnu++14";
				CLANG_CXX_LIBRARY = "libc++";
				CLANG_ENABLE_MODULES = YES;
				CLANG_ENABLE_OBJC_ARC = YES;
				CLANG_ENABLE_OBJC_WEAK = YES;
				CLANG_WARN_BLOCK_CAPTURE_AUTORELEASING = YES;
				CLANG_WARN_BOOL_CONVERSION = YES;
				CLANG_WARN_COMMA = YES;
				CLANG_WARN_CONSTANT_CONVERSION = YES;
				CLANG_WARN_DEPRECATED_OBJC_IMPLEMENTATIONS = YES;
				CLANG_WARN_DIRECT_OBJC_ISA_USAGE = YES_ERROR;
				CLANG_WARN_DOCUMENTATION_COMMENTS = YES;
				CLANG_WARN_EMPTY_BODY = YES;
				CLANG_WARN_ENUM_CONVERSION = YES;
				CLANG_WARN_INFINITE_RECURSION = YES;
				CLANG_WARN_INT_CONVERSION = YES;
				CLANG_WARN_NON_LITERAL_NULL_CONVERSION = YES;
				CLANG_WARN_OBJC_IMPLICIT_RETAIN_SELF = YES;
				CLANG_WARN_OBJC_LITERAL_CONVERSION = YES;
				CLANG_WARN_OBJC_ROOT_CLASS = YES_ERROR;
				CLANG_WARN_QUOTED_INCLUDE_IN_FRAMEWORK_HEADER = YES;
				CLANG_WARN_RANGE_LOOP_ANALYSIS = YES;
				CLANG_WARN_STRICT_PROTOTYPES = YES;
				CLANG_WARN_SUSPICIOUS_MOVE = YES;
				CLANG_WARN_UNGUARDED_AVAILABILITY = YES_AGGRESSIVE;
				CLANG_WARN_UNREACHABLE_CODE = YES;
				CLANG_WARN__DUPLICATE_METHOD_MATCH = YES;
				COPY_PHASE_STRIP = NO;
				DEBUG_INFORMATION_FORMAT = "dwarf-with-dsym";
				ENABLE_NS_ASSERTIONS = NO;
				ENABLE_STRICT_OBJC_MSGSEND = YES;
				GCC_C_LANGUAGE_STANDARD = gnu11;
				GCC_NO_COMMON_BLOCKS = YES;
				GCC_WARN_64_TO_32_BIT_CONVERSION = YES;
				GCC_WARN_ABOUT_RETURN_TYPE = YES_ERROR;
				GCC_WARN_UNDECLARED_SELECTOR = YES;
				GCC_WARN_UNINITIALIZED_AUTOS = YES_AGGRESSIVE;
				GCC_WARN_UNUSED_FUNCTION = YES;
				GCC_WARN_UNUSED_VARIABLE = YES;
				IPHONEOS_DEPLOYMENT_TARGET = 14.1;
				MTL_ENABLE_DEBUG_INFO = NO;
				MTL_FAST_MATH = YES;
				ONLY_ACTIVE_ARCH = YES;
				SDKROOT = iphoneos;
				SWIFT_COMPILATION_MODE = wholemodule;
				SWIFT_OPTIMIZATION_LEVEL = "-O";
				VALIDATE_PRODUCT = YES;
			};
			name = Release;
		};
		4961DA1925BFD57B001DE248 /* Debug */ = {
			isa = XCBuildConfiguration;
			baseConfigurationReference = F0DC1A6579C898FE29484DF8 /* Pods-UHmeditates.debug.xcconfig */;
			buildSettings = {
				ASSETCATALOG_COMPILER_APPICON_NAME = AppIcon;
				ASSETCATALOG_COMPILER_GLOBAL_ACCENT_COLOR_NAME = AccentColor;
				CODE_SIGN_STYLE = Automatic;
				DEVELOPMENT_ASSET_PATHS = "";
				DEVELOPMENT_TEAM = QVD3TP56PF;
				INFOPLIST_FILE = UHmeditates/Info.plist;
				IPHONEOS_DEPLOYMENT_TARGET = 14.1;
				LD_RUNPATH_SEARCH_PATHS = (
					"$(inherited)",
					"@executable_path/Frameworks",
				);
				PRODUCT_BUNDLE_IDENTIFIER = UHYML.UHmeditates;
				PRODUCT_NAME = "$(TARGET_NAME)";
				SWIFT_VERSION = 5.0;
				TARGETED_DEVICE_FAMILY = 1;
			};
			name = Debug;
		};
		4961DA1A25BFD57B001DE248 /* Release */ = {
			isa = XCBuildConfiguration;
			baseConfigurationReference = 12F615F3B598E37FA63BD456 /* Pods-UHmeditates.release.xcconfig */;
			buildSettings = {
				ASSETCATALOG_COMPILER_APPICON_NAME = AppIcon;
				ASSETCATALOG_COMPILER_GLOBAL_ACCENT_COLOR_NAME = AccentColor;
				CODE_SIGN_STYLE = Automatic;
				DEVELOPMENT_ASSET_PATHS = "";
				DEVELOPMENT_TEAM = QVD3TP56PF;
				INFOPLIST_FILE = UHmeditates/Info.plist;
				IPHONEOS_DEPLOYMENT_TARGET = 14.1;
				LD_RUNPATH_SEARCH_PATHS = (
					"$(inherited)",
					"@executable_path/Frameworks",
				);
				PRODUCT_BUNDLE_IDENTIFIER = UHYML.UHmeditates;
				PRODUCT_NAME = "$(TARGET_NAME)";
				SWIFT_VERSION = 5.0;
				TARGETED_DEVICE_FAMILY = 1;
			};
			name = Release;
		};
		4961DA1C25BFD57B001DE248 /* Debug */ = {
			isa = XCBuildConfiguration;
			baseConfigurationReference = 6EF0EFE961926A9A90D3D818 /* Pods-UHmeditatesTests.debug.xcconfig */;
			buildSettings = {
				ALWAYS_EMBED_SWIFT_STANDARD_LIBRARIES = YES;
				BUNDLE_LOADER = "$(TEST_HOST)";
				CODE_SIGN_STYLE = Automatic;
				DEVELOPMENT_TEAM = JK9LT4R4A2;
				INFOPLIST_FILE = UHmeditatesTests/Info.plist;
				IPHONEOS_DEPLOYMENT_TARGET = 14.2;
				LD_RUNPATH_SEARCH_PATHS = (
					"$(inherited)",
					"@executable_path/Frameworks",
					"@loader_path/Frameworks",
				);
				PRODUCT_BUNDLE_IDENTIFIER = UHYML.UHmeditatesTests;
				PRODUCT_NAME = "$(TARGET_NAME)";
				SWIFT_VERSION = 5.0;
				TARGETED_DEVICE_FAMILY = "1,2";
				TEST_HOST = "$(BUILT_PRODUCTS_DIR)/UHmeditates.app/UHmeditates";
			};
			name = Debug;
		};
		4961DA1D25BFD57B001DE248 /* Release */ = {
			isa = XCBuildConfiguration;
			baseConfigurationReference = 47B01582A10C31B80FF62A59 /* Pods-UHmeditatesTests.release.xcconfig */;
			buildSettings = {
				ALWAYS_EMBED_SWIFT_STANDARD_LIBRARIES = YES;
				BUNDLE_LOADER = "$(TEST_HOST)";
				CODE_SIGN_STYLE = Automatic;
				DEVELOPMENT_TEAM = JK9LT4R4A2;
				INFOPLIST_FILE = UHmeditatesTests/Info.plist;
				IPHONEOS_DEPLOYMENT_TARGET = 14.2;
				LD_RUNPATH_SEARCH_PATHS = (
					"$(inherited)",
					"@executable_path/Frameworks",
					"@loader_path/Frameworks",
				);
				PRODUCT_BUNDLE_IDENTIFIER = UHYML.UHmeditatesTests;
				PRODUCT_NAME = "$(TARGET_NAME)";
				SWIFT_VERSION = 5.0;
				TARGETED_DEVICE_FAMILY = "1,2";
				TEST_HOST = "$(BUILT_PRODUCTS_DIR)/UHmeditates.app/UHmeditates";
			};
			name = Release;
		};
		4961DA1F25BFD57B001DE248 /* Debug */ = {
			isa = XCBuildConfiguration;
			baseConfigurationReference = 6C41374FD6DC849455B637E0 /* Pods-UHmeditates-UHmeditatesUITests.debug.xcconfig */;
			buildSettings = {
				ALWAYS_EMBED_SWIFT_STANDARD_LIBRARIES = YES;
				CODE_SIGN_STYLE = Automatic;
				DEVELOPMENT_TEAM = JK9LT4R4A2;
				INFOPLIST_FILE = UHmeditatesUITests/Info.plist;
				LD_RUNPATH_SEARCH_PATHS = (
					"$(inherited)",
					"@executable_path/Frameworks",
					"@loader_path/Frameworks",
				);
				PRODUCT_BUNDLE_IDENTIFIER = UHYML.UHmeditatesUITests;
				PRODUCT_NAME = "$(TARGET_NAME)";
				SWIFT_VERSION = 5.0;
				TARGETED_DEVICE_FAMILY = "1,2";
				TEST_TARGET_NAME = UHmeditates;
			};
			name = Debug;
		};
		4961DA2025BFD57B001DE248 /* Release */ = {
			isa = XCBuildConfiguration;
			baseConfigurationReference = 64D4AA2F918CE2552914094D /* Pods-UHmeditates-UHmeditatesUITests.release.xcconfig */;
			buildSettings = {
				ALWAYS_EMBED_SWIFT_STANDARD_LIBRARIES = YES;
				CODE_SIGN_STYLE = Automatic;
				DEVELOPMENT_TEAM = JK9LT4R4A2;
				INFOPLIST_FILE = UHmeditatesUITests/Info.plist;
				LD_RUNPATH_SEARCH_PATHS = (
					"$(inherited)",
					"@executable_path/Frameworks",
					"@loader_path/Frameworks",
				);
				PRODUCT_BUNDLE_IDENTIFIER = UHYML.UHmeditatesUITests;
				PRODUCT_NAME = "$(TARGET_NAME)";
				SWIFT_VERSION = 5.0;
				TARGETED_DEVICE_FAMILY = "1,2";
				TEST_TARGET_NAME = UHmeditates;
			};
			name = Release;
		};
/* End XCBuildConfiguration section */

/* Begin XCConfigurationList section */
		4961D9E925BFD57A001DE248 /* Build configuration list for PBXProject "UHmeditates" */ = {
			isa = XCConfigurationList;
			buildConfigurations = (
				4961DA1625BFD57B001DE248 /* Debug */,
				4961DA1725BFD57B001DE248 /* Release */,
			);
			defaultConfigurationIsVisible = 0;
			defaultConfigurationName = Release;
		};
		4961DA1825BFD57B001DE248 /* Build configuration list for PBXNativeTarget "UHmeditates" */ = {
			isa = XCConfigurationList;
			buildConfigurations = (
				4961DA1925BFD57B001DE248 /* Debug */,
				4961DA1A25BFD57B001DE248 /* Release */,
			);
			defaultConfigurationIsVisible = 0;
			defaultConfigurationName = Release;
		};
		4961DA1B25BFD57B001DE248 /* Build configuration list for PBXNativeTarget "UHmeditatesTests" */ = {
			isa = XCConfigurationList;
			buildConfigurations = (
				4961DA1C25BFD57B001DE248 /* Debug */,
				4961DA1D25BFD57B001DE248 /* Release */,
			);
			defaultConfigurationIsVisible = 0;
			defaultConfigurationName = Release;
		};
		4961DA1E25BFD57B001DE248 /* Build configuration list for PBXNativeTarget "UHmeditatesUITests" */ = {
			isa = XCConfigurationList;
			buildConfigurations = (
				4961DA1F25BFD57B001DE248 /* Debug */,
				4961DA2025BFD57B001DE248 /* Release */,
			);
			defaultConfigurationIsVisible = 0;
			defaultConfigurationName = Release;
		};
/* End XCConfigurationList section */

/* Begin XCRemoteSwiftPackageReference section */
		D8880FBB26C0C2D000DD8506 /* XCRemoteSwiftPackageReference "CareKit" */ = {
			isa = XCRemoteSwiftPackageReference;
			repositoryURL = "https://github.com/carekit-apple/CareKit";
			requirement = {
				branch = main;
				kind = branch;
			};
		};
/* End XCRemoteSwiftPackageReference section */

/* Begin XCSwiftPackageProductDependency section */
		D8880FBC26C0C2D000DD8506 /* CareKitFHIR */ = {
			isa = XCSwiftPackageProductDependency;
			package = D8880FBB26C0C2D000DD8506 /* XCRemoteSwiftPackageReference "CareKit" */;
			productName = CareKitFHIR;
		};
		D8880FBE26C0C2D000DD8506 /* CareKit */ = {
			isa = XCSwiftPackageProductDependency;
			package = D8880FBB26C0C2D000DD8506 /* XCRemoteSwiftPackageReference "CareKit" */;
			productName = CareKit;
		};
		D8880FC026C0C2D000DD8506 /* CareKitStore */ = {
			isa = XCSwiftPackageProductDependency;
			package = D8880FBB26C0C2D000DD8506 /* XCRemoteSwiftPackageReference "CareKit" */;
			productName = CareKitStore;
		};
		D8880FC226C0C2D000DD8506 /* CareKitUI */ = {
			isa = XCSwiftPackageProductDependency;
			package = D8880FBB26C0C2D000DD8506 /* XCRemoteSwiftPackageReference "CareKit" */;
			productName = CareKitUI;
		};
/* End XCSwiftPackageProductDependency section */
	};
	rootObject = 4961D9E625BFD57A001DE248 /* Project object */;
}
